
Microsoft Visual Studio Solution File, Format Version 12.00
# Visual Studio 15
VisualStudioVersion = 15.0.27428.2027
MinimumVisualStudioVersion = 10.0.40219.1
Project("{2150E333-8FDC-42A3-9474-1A3956D46DE8}") = "src", "src", "{C15174B9-657C-4871-BD70-E367286C3A48}"
EndProject
Project("{2150E333-8FDC-42A3-9474-1A3956D46DE8}") = "_", "_", "{58EAD674-3665-4570-AC4B-3E599A8847BA}"
	ProjectSection(SolutionItems) = preProject
		.gitattributes = .gitattributes
		.gitignore = .gitignore
		LICENSE = LICENSE
		README.md = README.md
	EndProjectSection
EndProject
Project("{FAE04EC0-301F-11D3-BF4B-00C04F79EFBC}") = "Vocup", "src\Vocup\Vocup.csproj", "{004AE06A-96F3-4B2E-9AF4-524835814A36}"
EndProject
Project("{2150E333-8FDC-42A3-9474-1A3956D46DE8}") = "docs", "docs", "{513AA9B6-F697-45D9-B598-A96030B32541}"
	ProjectSection(SolutionItems) = preProject
		docs\fileformats.md = docs\fileformats.md
		docs\internet-services.md = docs\internet-services.md
		docs\README.md = docs\README.md
	EndProjectSection
EndProject
Project("{2150E333-8FDC-42A3-9474-1A3956D46DE8}") = "setup", "setup", "{2EC721A1-43D9-4567-BF3F-F2CBB7F215F5}"
	ProjectSection(SolutionItems) = preProject
		setup\hash.ps1 = setup\hash.ps1
		setup\icon_vdp.ico = setup\icon_vdp.ico
		setup\icon_vhf.ico = setup\icon_vhf.ico
		setup\left.bmp = setup\left.bmp
		setup\license.txt = setup\license.txt
		setup\setup_icon.ico = setup\setup_icon.ico
		setup\top.bmp = setup\top.bmp
		setup\vocup.iss = setup\vocup.iss
	EndProjectSection
EndProject
Project("{C7167F0D-BC9F-4E6E-AFE1-012C56B48DB5}") = "Vocup.Packaging", "src\Vocup.Packaging\Vocup.Packaging.wapproj", "{B6986B1F-50BC-4E36-87B4-1C195B15F953}"
EndProject
Global
	GlobalSection(SolutionConfigurationPlatforms) = preSolution
		Debug|Any CPU = Debug|Any CPU
		Debug|x64 = Debug|x64
		Debug|x86 = Debug|x86
		Release|Any CPU = Release|Any CPU
		Release|x64 = Release|x64
		Release|x86 = Release|x86
	EndGlobalSection
	GlobalSection(ProjectConfigurationPlatforms) = postSolution
		{004AE06A-96F3-4B2E-9AF4-524835814A36}.Debug|Any CPU.ActiveCfg = Debug|Any CPU
		{004AE06A-96F3-4B2E-9AF4-524835814A36}.Debug|Any CPU.Build.0 = Debug|Any CPU
		{004AE06A-96F3-4B2E-9AF4-524835814A36}.Debug|x64.ActiveCfg = Debug|Any CPU
		{004AE06A-96F3-4B2E-9AF4-524835814A36}.Debug|x64.Build.0 = Debug|Any CPU
		{004AE06A-96F3-4B2E-9AF4-524835814A36}.Debug|x86.ActiveCfg = Debug|Any CPU
		{004AE06A-96F3-4B2E-9AF4-524835814A36}.Debug|x86.Build.0 = Debug|Any CPU
		{004AE06A-96F3-4B2E-9AF4-524835814A36}.Release|Any CPU.ActiveCfg = Release|Any CPU
		{004AE06A-96F3-4B2E-9AF4-524835814A36}.Release|Any CPU.Build.0 = Release|Any CPU
		{004AE06A-96F3-4B2E-9AF4-524835814A36}.Release|x64.ActiveCfg = Release|Any CPU
		{004AE06A-96F3-4B2E-9AF4-524835814A36}.Release|x64.Build.0 = Release|Any CPU
		{004AE06A-96F3-4B2E-9AF4-524835814A36}.Release|x86.ActiveCfg = Release|Any CPU
		{004AE06A-96F3-4B2E-9AF4-524835814A36}.Release|x86.Build.0 = Release|Any CPU
		{B6986B1F-50BC-4E36-87B4-1C195B15F953}.Debug|Any CPU.ActiveCfg = Debug|Any CPU
		{B6986B1F-50BC-4E36-87B4-1C195B15F953}.Debug|Any CPU.Build.0 = Debug|Any CPU
		{B6986B1F-50BC-4E36-87B4-1C195B15F953}.Debug|Any CPU.Deploy.0 = Debug|Any CPU
		{B6986B1F-50BC-4E36-87B4-1C195B15F953}.Debug|x64.ActiveCfg = Debug|x64
		{B6986B1F-50BC-4E36-87B4-1C195B15F953}.Debug|x64.Build.0 = Debug|x64
		{B6986B1F-50BC-4E36-87B4-1C195B15F953}.Debug|x64.Deploy.0 = Debug|x64
		{B6986B1F-50BC-4E36-87B4-1C195B15F953}.Debug|x86.ActiveCfg = Debug|x86
		{B6986B1F-50BC-4E36-87B4-1C195B15F953}.Debug|x86.Build.0 = Debug|x86
		{B6986B1F-50BC-4E36-87B4-1C195B15F953}.Debug|x86.Deploy.0 = Debug|x86
		{B6986B1F-50BC-4E36-87B4-1C195B15F953}.Release|Any CPU.ActiveCfg = Release|Any CPU
		{B6986B1F-50BC-4E36-87B4-1C195B15F953}.Release|Any CPU.Build.0 = Release|Any CPU
		{B6986B1F-50BC-4E36-87B4-1C195B15F953}.Release|Any CPU.Deploy.0 = Release|Any CPU
		{B6986B1F-50BC-4E36-87B4-1C195B15F953}.Release|x64.ActiveCfg = Release|x64
		{B6986B1F-50BC-4E36-87B4-1C195B15F953}.Release|x64.Build.0 = Release|x64
		{B6986B1F-50BC-4E36-87B4-1C195B15F953}.Release|x64.Deploy.0 = Release|x64
		{B6986B1F-50BC-4E36-87B4-1C195B15F953}.Release|x86.ActiveCfg = Release|x86
		{B6986B1F-50BC-4E36-87B4-1C195B15F953}.Release|x86.Build.0 = Release|x86
		{B6986B1F-50BC-4E36-87B4-1C195B15F953}.Release|x86.Deploy.0 = Release|x86
	EndGlobalSection
	GlobalSection(SolutionProperties) = preSolution
		HideSolutionNode = FALSE
	EndGlobalSection
	GlobalSection(NestedProjects) = preSolution
		{004AE06A-96F3-4B2E-9AF4-524835814A36} = {C15174B9-657C-4871-BD70-E367286C3A48}
		{B6986B1F-50BC-4E36-87B4-1C195B15F953} = {C15174B9-657C-4871-BD70-E367286C3A48}
	EndGlobalSection
	GlobalSection(ExtensibilityGlobals) = postSolution
		SolutionGuid = {FB786307-C66E-4F63-BF9D-639CCBE07497}
	EndGlobalSection
EndGlobal
