
Microsoft Visual Studio Solution File, Format Version 12.00
# Visual Studio 15
VisualStudioVersion = 15.0.27428.2027
MinimumVisualStudioVersion = 10.0.40219.1
Project("{2150E333-8FDC-42A3-9474-1A3956D46DE8}") = "src", "src", "{C15174B9-657C-4871-BD70-E367286C3A48}"
EndProject
Project("{2150E333-8FDC-42A3-9474-1A3956D46DE8}") = "Solution Items", "Solution Items", "{58EAD674-3665-4570-AC4B-3E599A8847BA}"
	ProjectSection(SolutionItems) = preProject
		.gitattributes = .gitattributes
		.gitignore = .gitignore
		LICENSE = LICENSE
		README.md = README.md
	EndProjectSection
EndProject
Project("{FAE04EC0-301F-11D3-BF4B-00C04F79EFBC}") = "Vocup", "src\Vocup\Vocup.csproj", "{004AE06A-96F3-4B2E-9AF4-524835814A36}"
EndProject
Project("{2150E333-8FDC-42A3-9474-1A3956D46DE8}") = "docs", "docs", "{513AA9B6-F697-45D9-B598-A96030B32541}"
	ProjectSection(SolutionItems) = preProject
		docs\fileformats.md = docs\fileformats.md
		docs\README.md = docs\README.md
	EndProjectSection
EndProject
Global
	GlobalSection(SolutionConfigurationPlatforms) = preSolution
		Debug|Any CPU = Debug|Any CPU
		Release|Any CPU = Release|Any CPU
	EndGlobalSection
	GlobalSection(ProjectConfigurationPlatforms) = postSolution
		{004AE06A-96F3-4B2E-9AF4-524835814A36}.Debug|Any CPU.ActiveCfg = Debug|Any CPU
		{004AE06A-96F3-4B2E-9AF4-524835814A36}.Debug|Any CPU.Build.0 = Debug|Any CPU
		{004AE06A-96F3-4B2E-9AF4-524835814A36}.Release|Any CPU.ActiveCfg = Release|Any CPU
		{004AE06A-96F3-4B2E-9AF4-524835814A36}.Release|Any CPU.Build.0 = Release|Any CPU
	EndGlobalSection
	GlobalSection(SolutionProperties) = preSolution
		HideSolutionNode = FALSE
	EndGlobalSection
	GlobalSection(NestedProjects) = preSolution
		{004AE06A-96F3-4B2E-9AF4-524835814A36} = {C15174B9-657C-4871-BD70-E367286C3A48}
	EndGlobalSection
	GlobalSection(ExtensibilityGlobals) = postSolution
		SolutionGuid = {FB786307-C66E-4F63-BF9D-639CCBE07497}
	EndGlobalSection
EndGlobal
